{
  "name": "MagicQuestionnaire--master",
  "lockfileVersion": 2,
  "requires": true,
  "packages": {
    "": {
      "dependencies": {
        "af-table-column": "^1.0.3"
      }
    },
    "node_modules/af-table-column": {
      "version": "1.0.3",
      "resolved": "https://registry.npmjs.org/af-table-column/-/af-table-column-1.0.3.tgz",
      "integrity": "sha512-zdI7MsmppAZemofr4zM7Kae7CGQGlyfnbTj6l0DgNDfRtzJs7ryiX7fbAq96MCRtt4EVcrZ+fX+rnpznrpB34Q==",
      "dependencies": {
        "vue": "^2.6.10"
      }
    },
    "node_modules/vue": {
      "version": "2.6.14",
      "resolved": "https://registry.npmjs.org/vue/-/vue-2.6.14.tgz",
      "integrity": "sha512-x2284lgYvjOMj3Za7kqzRcUSxBboHqtgRE2zlos1qWaOye5yUmHn42LB1250NJBLRwEcdrB0JRwyPTEPhfQjiQ=="
    }
  },
  "dependencies": {
    "af-table-column": {
      "version": "1.0.3",
      "resolved": "https://registry.npmjs.org/af-table-column/-/af-table-column-1.0.3.tgz",
      "integrity": "sha512-zdI7MsmppAZemofr4zM7Kae7CGQGlyfnbTj6l0DgNDfRtzJs7ryiX7fbAq96MCRtt4EVcrZ+fX+rnpznrpB34Q==",
      "requires": {
        "vue": "^2.6.10"
      }
    },
    "vue": {
      "version": "2.6.14",
      "resolved": "https://registry.npmjs.org/vue/-/vue-2.6.14.tgz",
      "integrity": "sha512-x2284lgYvjOMj3Za7kqzRcUSxBboHqtgRE2zlos1qWaOye5yUmHn42LB1250NJBLRwEcdrB0JRwyPTEPhfQjiQ=="
    }
  }
}
